// !$*UTF8*$!
{
	archiveVersion = 1;
	classes = {
	};
	objectVersion = 46;
	objects = {

/* Begin PBXBuildFile section */
		BAC84C1719F02DB2000E57F7 /* Foundation.framework in Frameworks */ = {isa = PBXBuildFile; fileRef = BAC84C1619F02DB2000E57F7 /* Foundation.framework */; };
		BAC84C1919F02DB2000E57F7 /* CoreGraphics.framework in Frameworks */ = {isa = PBXBuildFile; fileRef = BAC84C1819F02DB2000E57F7 /* CoreGraphics.framework */; };
		BAC84C1B19F02DB2000E57F7 /* UIKit.framework in Frameworks */ = {isa = PBXBuildFile; fileRef = BAC84C1A19F02DB2000E57F7 /* UIKit.framework */; };
		BAC84C2119F02DB2000E57F7 /* InfoPlist.strings in Resources */ = {isa = PBXBuildFile; fileRef = BAC84C1F19F02DB2000E57F7 /* InfoPlist.strings */; };
		BAC84C2319F02DB2000E57F7 /* main.m in Sources */ = {isa = PBXBuildFile; fileRef = BAC84C2219F02DB2000E57F7 /* main.m */; };
		BAC84C2719F02DB2000E57F7 /* AppDelegate.m in Sources */ = {isa = PBXBuildFile; fileRef = BAC84C2619F02DB2000E57F7 /* AppDelegate.m */; };
		BAC84C2A19F02DB2000E57F7 /* Main_iPhone.storyboard in Resources */ = {isa = PBXBuildFile; fileRef = BAC84C2819F02DB2000E57F7 /* Main_iPhone.storyboard */; };
		BAC84C2D19F02DB2000E57F7 /* Main_iPad.storyboard in Resources */ = {isa = PBXBuildFile; fileRef = BAC84C2B19F02DB2000E57F7 /* Main_iPad.storyboard */; };
		BAC84C3019F02DB2000E57F7 /* ViewController.m in Sources */ = {isa = PBXBuildFile; fileRef = BAC84C2F19F02DB2000E57F7 /* ViewController.m */; };
		BAC84C3219F02DB2000E57F7 /* Images.xcassets in Resources */ = {isa = PBXBuildFile; fileRef = BAC84C3119F02DB2000E57F7 /* Images.xcassets */; };
		BAC84C3919F02DB2000E57F7 /* XCTest.framework in Frameworks */ = {isa = PBXBuildFile; fileRef = BAC84C3819F02DB2000E57F7 /* XCTest.framework */; };
		BAC84C3A19F02DB2000E57F7 /* Foundation.framework in Frameworks */ = {isa = PBXBuildFile; fileRef = BAC84C1619F02DB2000E57F7 /* Foundation.framework */; };
		BAC84C3B19F02DB2000E57F7 /* UIKit.framework in Frameworks */ = {isa = PBXBuildFile; fileRef = BAC84C1A19F02DB2000E57F7 /* UIKit.framework */; };
		BAC84C4319F02DB2000E57F7 /* InfoPlist.strings in Resources */ = {isa = PBXBuildFile; fileRef = BAC84C4119F02DB2000E57F7 /* InfoPlist.strings */; };
		BAC84C4519F02DB2000E57F7 /* SendHubAPISampleTests.m in Sources */ = {isa = PBXBuildFile; fileRef = BAC84C4419F02DB2000E57F7 /* SendHubAPISampleTests.m */; };
		BAC84C5019F03006000E57F7 /* ContactsViewController.m in Sources */ = {isa = PBXBuildFile; fileRef = BAC84C4F19F03006000E57F7 /* ContactsViewController.m */; };
		BAC84C5419F030EA000E57F7 /* SendHubAPIService.m in Sources */ = {isa = PBXBuildFile; fileRef = BAC84C5319F030EA000E57F7 /* SendHubAPIService.m */; };
		BAC84C5719F03340000E57F7 /* Contacts.m in Sources */ = {isa = PBXBuildFile; fileRef = BAC84C5619F03340000E57F7 /* Contacts.m */; };
		BAC84C6119F047BB000E57F7 /* ContactDetailViewController.m in Sources */ = {isa = PBXBuildFile; fileRef = BAC84C6019F047BB000E57F7 /* ContactDetailViewController.m */; };
		BAC84C6419F04D62000E57F7 /* ComposeMessageViewController.m in Sources */ = {isa = PBXBuildFile; fileRef = BAC84C6319F04D62000E57F7 /* ComposeMessageViewController.m */; };
		BAC84C6919F0645D000E57F7 /* background.png in Resources */ = {isa = PBXBuildFile; fileRef = BAC84C6619F0645D000E57F7 /* background.png */; };
		BAC84C6A19F0645D000E57F7 /* send_button.png in Resources */ = {isa = PBXBuildFile; fileRef = BAC84C6719F0645D000E57F7 /* send_button.png */; };
		BAC84C6B19F0645D000E57F7 /* send_message.png in Resources */ = {isa = PBXBuildFile; fileRef = BAC84C6819F0645D000E57F7 /* send_message.png */; };
/* End PBXBuildFile section */

/* Begin PBXContainerItemProxy section */
		BAC84C3C19F02DB2000E57F7 /* PBXContainerItemProxy */ = {
			isa = PBXContainerItemProxy;
			containerPortal = BAC84C0B19F02DB1000E57F7 /* Project object */;
			proxyType = 1;
			remoteGlobalIDString = BAC84C1219F02DB1000E57F7;
			remoteInfo = SendHubAPISample;
		};
/* End PBXContainerItemProxy section */

/* Begin PBXFileReference section */
		BAC84C1319F02DB2000E57F7 /* SendHubAPISample.app */ = {isa = PBXFileReference; explicitFileType = wrapper.application; includeInIndex = 0; path = SendHubAPISample.app; sourceTree = BUILT_PRODUCTS_DIR; };
		BAC84C1619F02DB2000E57F7 /* Foundation.framework */ = {isa = PBXFileReference; lastKnownFileType = wrapper.framework; name = Foundation.framework; path = System/Library/Frameworks/Foundation.framework; sourceTree = SDKROOT; };
		BAC84C1819F02DB2000E57F7 /* CoreGraphics.framework */ = {isa = PBXFileReference; lastKnownFileType = wrapper.framework; name = CoreGraphics.framework; path = System/Library/Frameworks/CoreGraphics.framework; sourceTree = SDKROOT; };
		BAC84C1A19F02DB2000E57F7 /* UIKit.framework */ = {isa = PBXFileReference; lastKnownFileType = wrapper.framework; name = UIKit.framework; path = System/Library/Frameworks/UIKit.framework; sourceTree = SDKROOT; };
		BAC84C1E19F02DB2000E57F7 /* SendHubAPISample-Info.plist */ = {isa = PBXFileReference; lastKnownFileType = text.plist.xml; path = "SendHubAPISample-Info.plist"; sourceTree = "<group>"; };
		BAC84C2019F02DB2000E57F7 /* en */ = {isa = PBXFileReference; lastKnownFileType = text.plist.strings; name = en; path = en.lproj/InfoPlist.strings; sourceTree = "<group>"; };
		BAC84C2219F02DB2000E57F7 /* main.m */ = {isa = PBXFileReference; lastKnownFileType = sourcecode.c.objc; path = main.m; sourceTree = "<group>"; };
		BAC84C2419F02DB2000E57F7 /* SendHubAPISample-Prefix.pch */ = {isa = PBXFileReference; lastKnownFileType = sourcecode.c.h; path = "SendHubAPISample-Prefix.pch"; sourceTree = "<group>"; };
		BAC84C2519F02DB2000E57F7 /* AppDelegate.h */ = {isa = PBXFileReference; lastKnownFileType = sourcecode.c.h; path = AppDelegate.h; sourceTree = "<group>"; };
		BAC84C2619F02DB2000E57F7 /* AppDelegate.m */ = {isa = PBXFileReference; lastKnownFileType = sourcecode.c.objc; path = AppDelegate.m; sourceTree = "<group>"; };
		BAC84C2919F02DB2000E57F7 /* Base */ = {isa = PBXFileReference; lastKnownFileType = file.storyboard; name = Base; path = Base.lproj/Main_iPhone.storyboard; sourceTree = "<group>"; };
		BAC84C2C19F02DB2000E57F7 /* Base */ = {isa = PBXFileReference; lastKnownFileType = file.storyboard; name = Base; path = Base.lproj/Main_iPad.storyboard; sourceTree = "<group>"; };
		BAC84C2E19F02DB2000E57F7 /* ViewController.h */ = {isa = PBXFileReference; lastKnownFileType = sourcecode.c.h; path = ViewController.h; sourceTree = "<group>"; };
		BAC84C2F19F02DB2000E57F7 /* ViewController.m */ = {isa = PBXFileReference; lastKnownFileType = sourcecode.c.objc; path = ViewController.m; sourceTree = "<group>"; };
		BAC84C3119F02DB2000E57F7 /* Images.xcassets */ = {isa = PBXFileReference; lastKnownFileType = folder.assetcatalog; path = Images.xcassets; sourceTree = "<group>"; };
		BAC84C3719F02DB2000E57F7 /* SendHubAPISampleTests.xctest */ = {isa = PBXFileReference; explicitFileType = wrapper.cfbundle; includeInIndex = 0; path = SendHubAPISampleTests.xctest; sourceTree = BUILT_PRODUCTS_DIR; };
		BAC84C3819F02DB2000E57F7 /* XCTest.framework */ = {isa = PBXFileReference; lastKnownFileType = wrapper.framework; name = XCTest.framework; path = Library/Frameworks/XCTest.framework; sourceTree = DEVELOPER_DIR; };
		BAC84C4019F02DB2000E57F7 /* SendHubAPISampleTests-Info.plist */ = {isa = PBXFileReference; lastKnownFileType = text.plist.xml; path = "SendHubAPISampleTests-Info.plist"; sourceTree = "<group>"; };
		BAC84C4219F02DB2000E57F7 /* en */ = {isa = PBXFileReference; lastKnownFileType = text.plist.strings; name = en; path = en.lproj/InfoPlist.strings; sourceTree = "<group>"; };
		BAC84C4419F02DB2000E57F7 /* SendHubAPISampleTests.m */ = {isa = PBXFileReference; lastKnownFileType = sourcecode.c.objc; path = SendHubAPISampleTests.m; sourceTree = "<group>"; };
		BAC84C4E19F03006000E57F7 /* ContactsViewController.h */ = {isa = PBXFileReference; fileEncoding = 4; lastKnownFileType = sourcecode.c.h; path = ContactsViewController.h; sourceTree = "<group>"; };
		BAC84C4F19F03006000E57F7 /* ContactsViewController.m */ = {isa = PBXFileReference; fileEncoding = 4; lastKnownFileType = sourcecode.c.objc; path = ContactsViewController.m; sourceTree = "<group>"; };
		BAC84C5219F030EA000E57F7 /* SendHubAPIService.h */ = {isa = PBXFileReference; fileEncoding = 4; lastKnownFileType = sourcecode.c.h; name = SendHubAPIService.h; path = Claases/SendHubAPIService.h; sourceTree = "<group>"; };
		BAC84C5319F030EA000E57F7 /* SendHubAPIService.m */ = {isa = PBXFileReference; fileEncoding = 4; lastKnownFileType = sourcecode.c.objc; name = SendHubAPIService.m; path = Claases/SendHubAPIService.m; sourceTree = "<group>"; };
		BAC84C5519F03340000E57F7 /* Contacts.h */ = {isa = PBXFileReference; fileEncoding = 4; lastKnownFileType = sourcecode.c.h; name = Contacts.h; path = Claases/Contacts.h; sourceTree = "<group>"; };
		BAC84C5619F03340000E57F7 /* Contacts.m */ = {isa = PBXFileReference; fileEncoding = 4; lastKnownFileType = sourcecode.c.objc; name = Contacts.m; path = Claases/Contacts.m; sourceTree = "<group>"; };
		BAC84C5819F03567000E57F7 /* SenfHubAPIConstants.h */ = {isa = PBXFileReference; lastKnownFileType = sourcecode.c.h; name = SenfHubAPIConstants.h; path = Claases/SenfHubAPIConstants.h; sourceTree = "<group>"; };
		BAC84C5F19F047BB000E57F7 /* ContactDetailViewController.h */ = {isa = PBXFileReference; fileEncoding = 4; lastKnownFileType = sourcecode.c.h; path = ContactDetailViewController.h; sourceTree = "<group>"; };
		BAC84C6019F047BB000E57F7 /* ContactDetailViewController.m */ = {isa = PBXFileReference; fileEncoding = 4; lastKnownFileType = sourcecode.c.objc; path = ContactDetailViewController.m; sourceTree = "<group>"; };
		BAC84C6219F04D62000E57F7 /* ComposeMessageViewController.h */ = {isa = PBXFileReference; fileEncoding = 4; lastKnownFileType = sourcecode.c.h; path = ComposeMessageViewController.h; sourceTree = "<group>"; };
		BAC84C6319F04D62000E57F7 /* ComposeMessageViewController.m */ = {isa = PBXFileReference; fileEncoding = 4; lastKnownFileType = sourcecode.c.objc; path = ComposeMessageViewController.m; sourceTree = "<group>"; };
		BAC84C6619F0645D000E57F7 /* background.png */ = {isa = PBXFileReference; lastKnownFileType = image.png; name = background.png; path = Assets/background.png; sourceTree = "<group>"; };
		BAC84C6719F0645D000E57F7 /* send_button.png */ = {isa = PBXFileReference; lastKnownFileType = image.png; name = send_button.png; path = Assets/send_button.png; sourceTree = "<group>"; };
		BAC84C6819F0645D000E57F7 /* send_message.png */ = {isa = PBXFileReference; lastKnownFileType = image.png; name = send_message.png; path = Assets/send_message.png; sourceTree = "<group>"; };
/* End PBXFileReference section */

/* Begin PBXFrameworksBuildPhase section */
		BAC84C1019F02DB1000E57F7 /* Frameworks */ = {
			isa = PBXFrameworksBuildPhase;
			buildActionMask = 2147483647;
			files = (
				BAC84C1919F02DB2000E57F7 /* CoreGraphics.framework in Frameworks */,
				BAC84C1B19F02DB2000E57F7 /* UIKit.framework in Frameworks */,
				BAC84C1719F02DB2000E57F7 /* Foundation.framework in Frameworks */,
			);
			runOnlyForDeploymentPostprocessing = 0;
		};
		BAC84C3419F02DB2000E57F7 /* Frameworks */ = {
			isa = PBXFrameworksBuildPhase;
			buildActionMask = 2147483647;
			files = (
				BAC84C3919F02DB2000E57F7 /* XCTest.framework in Frameworks */,
				BAC84C3B19F02DB2000E57F7 /* UIKit.framework in Frameworks */,
				BAC84C3A19F02DB2000E57F7 /* Foundation.framework in Frameworks */,
			);
			runOnlyForDeploymentPostprocessing = 0;
		};
/* End PBXFrameworksBuildPhase section */

/* Begin PBXGroup section */
		BAC84C0A19F02DB1000E57F7 = {
			isa = PBXGroup;
			children = (
				BAC84C1C19F02DB2000E57F7 /* SendHubAPISample */,
				BAC84C3E19F02DB2000E57F7 /* SendHubAPISampleTests */,
				BAC84C1519F02DB2000E57F7 /* Frameworks */,
				BAC84C1419F02DB2000E57F7 /* Products */,
			);
			sourceTree = "<group>";
		};
		BAC84C1419F02DB2000E57F7 /* Products */ = {
			isa = PBXGroup;
			children = (
				BAC84C1319F02DB2000E57F7 /* SendHubAPISample.app */,
				BAC84C3719F02DB2000E57F7 /* SendHubAPISampleTests.xctest */,
			);
			name = Products;
			sourceTree = "<group>";
		};
		BAC84C1519F02DB2000E57F7 /* Frameworks */ = {
			isa = PBXGroup;
			children = (
				BAC84C1619F02DB2000E57F7 /* Foundation.framework */,
				BAC84C1819F02DB2000E57F7 /* CoreGraphics.framework */,
				BAC84C1A19F02DB2000E57F7 /* UIKit.framework */,
				BAC84C3819F02DB2000E57F7 /* XCTest.framework */,
			);
			name = Frameworks;
			sourceTree = "<group>";
		};
		BAC84C1C19F02DB2000E57F7 /* SendHubAPISample */ = {
			isa = PBXGroup;
			children = (
				BAC84C6519F06433000E57F7 /* Assets */,
				BAC84C5119F030B2000E57F7 /* Classes */,
				BAC84C2519F02DB2000E57F7 /* AppDelegate.h */,
				BAC84C2619F02DB2000E57F7 /* AppDelegate.m */,
				BAC84C2819F02DB2000E57F7 /* Main_iPhone.storyboard */,
				BAC84C2B19F02DB2000E57F7 /* Main_iPad.storyboard */,
				BAC84C2E19F02DB2000E57F7 /* ViewController.h */,
				BAC84C2F19F02DB2000E57F7 /* ViewController.m */,
				BAC84C3119F02DB2000E57F7 /* Images.xcassets */,
				BAC84C1D19F02DB2000E57F7 /* Supporting Files */,
				BAC84C4E19F03006000E57F7 /* ContactsViewController.h */,
				BAC84C4F19F03006000E57F7 /* ContactsViewController.m */,
				BAC84C5F19F047BB000E57F7 /* ContactDetailViewController.h */,
				BAC84C6019F047BB000E57F7 /* ContactDetailViewController.m */,
				BAC84C6219F04D62000E57F7 /* ComposeMessageViewController.h */,
				BAC84C6319F04D62000E57F7 /* ComposeMessageViewController.m */,
			);
			path = SendHubAPISample;
			sourceTree = "<group>";
		};
		BAC84C1D19F02DB2000E57F7 /* Supporting Files */ = {
			isa = PBXGroup;
			children = (
				BAC84C1E19F02DB2000E57F7 /* SendHubAPISample-Info.plist */,
				BAC84C1F19F02DB2000E57F7 /* InfoPlist.strings */,
				BAC84C2219F02DB2000E57F7 /* main.m */,
				BAC84C2419F02DB2000E57F7 /* SendHubAPISample-Prefix.pch */,
			);
			name = "Supporting Files";
			sourceTree = "<group>";
		};
		BAC84C3E19F02DB2000E57F7 /* SendHubAPISampleTests */ = {
			isa = PBXGroup;
			children = (
				BAC84C4419F02DB2000E57F7 /* SendHubAPISampleTests.m */,
				BAC84C3F19F02DB2000E57F7 /* Supporting Files */,
			);
			path = SendHubAPISampleTests;
			sourceTree = "<group>";
		};
		BAC84C3F19F02DB2000E57F7 /* Supporting Files */ = {
			isa = PBXGroup;
			children = (
				BAC84C4019F02DB2000E57F7 /* SendHubAPISampleTests-Info.plist */,
				BAC84C4119F02DB2000E57F7 /* InfoPlist.strings */,
			);
			name = "Supporting Files";
			sourceTree = "<group>";
		};
		BAC84C5119F030B2000E57F7 /* Classes */ = {
			isa = PBXGroup;
			children = (
				BAC84C5219F030EA000E57F7 /* SendHubAPIService.h */,
				BAC84C5319F030EA000E57F7 /* SendHubAPIService.m */,
				BAC84C5519F03340000E57F7 /* Contacts.h */,
				BAC84C5619F03340000E57F7 /* Contacts.m */,
				BAC84C5819F03567000E57F7 /* SenfHubAPIConstants.h */,
			);
			name = Classes;
			sourceTree = "<group>";
		};
		BAC84C6519F06433000E57F7 /* Assets */ = {
			isa = PBXGroup;
			children = (
				BAC84C6619F0645D000E57F7 /* background.png */,
				BAC84C6719F0645D000E57F7 /* send_button.png */,
				BAC84C6819F0645D000E57F7 /* send_message.png */,
			);
			name = Assets;
			sourceTree = "<group>";
		};
/* End PBXGroup section */

/* Begin PBXNativeTarget section */
		BAC84C1219F02DB1000E57F7 /* SendHubAPISample */ = {
			isa = PBXNativeTarget;
			buildConfigurationList = BAC84C4819F02DB2000E57F7 /* Build configuration list for PBXNativeTarget "SendHubAPISample" */;
			buildPhases = (
				BAC84C0F19F02DB1000E57F7 /* Sources */,
				BAC84C1019F02DB1000E57F7 /* Frameworks */,
				BAC84C1119F02DB1000E57F7 /* Resources */,
			);
			buildRules = (
			);
			dependencies = (
			);
			name = SendHubAPISample;
			productName = SendHubAPISample;
			productReference = BAC84C1319F02DB2000E57F7 /* SendHubAPISample.app */;
			productType = "com.apple.product-type.application";
		};
		BAC84C3619F02DB2000E57F7 /* SendHubAPISampleTests */ = {
			isa = PBXNativeTarget;
			buildConfigurationList = BAC84C4B19F02DB2000E57F7 /* Build configuration list for PBXNativeTarget "SendHubAPISampleTests" */;
			buildPhases = (
				BAC84C3319F02DB2000E57F7 /* Sources */,
				BAC84C3419F02DB2000E57F7 /* Frameworks */,
				BAC84C3519F02DB2000E57F7 /* Resources */,
			);
			buildRules = (
			);
			dependencies = (
				BAC84C3D19F02DB2000E57F7 /* PBXTargetDependency */,
			);
			name = SendHubAPISampleTests;
			productName = SendHubAPISampleTests;
			productReference = BAC84C3719F02DB2000E57F7 /* SendHubAPISampleTests.xctest */;
			productType = "com.apple.product-type.bundle.unit-test";
		};
/* End PBXNativeTarget section */

/* Begin PBXProject section */
		BAC84C0B19F02DB1000E57F7 /* Project object */ = {
			isa = PBXProject;
			attributes = {
				LastUpgradeCheck = 0510;
				ORGANIZATIONNAME = "Hetal Savaliya";
				TargetAttributes = {
					BAC84C3619F02DB2000E57F7 = {
						TestTargetID = BAC84C1219F02DB1000E57F7;
					};
				};
			};
			buildConfigurationList = BAC84C0E19F02DB1000E57F7 /* Build configuration list for PBXProject "SendHubAPISample" */;
			compatibilityVersion = "Xcode 3.2";
			developmentRegion = English;
			hasScannedForEncodings = 0;
			knownRegions = (
				en,
				Base,
			);
			mainGroup = BAC84C0A19F02DB1000E57F7;
			productRefGroup = BAC84C1419F02DB2000E57F7 /* Products */;
			projectDirPath = "";
			projectRoot = "";
			targets = (
				BAC84C1219F02DB1000E57F7 /* SendHubAPISample */,
				BAC84C3619F02DB2000E57F7 /* SendHubAPISampleTests */,
			);
		};
/* End PBXProject section */

/* Begin PBXResourcesBuildPhase section */
		BAC84C1119F02DB1000E57F7 /* Resources */ = {
			isa = PBXResourcesBuildPhase;
			buildActionMask = 2147483647;
			files = (
				BAC84C2D19F02DB2000E57F7 /* Main_iPad.storyboard in Resources */,
				BAC84C6A19F0645D000E57F7 /* send_button.png in Resources */,
				BAC84C6919F0645D000E57F7 /* background.png in Resources */,
				BAC84C6B19F0645D000E57F7 /* send_message.png in Resources */,
				BAC84C3219F02DB2000E57F7 /* Images.xcassets in Resources */,
				BAC84C2A19F02DB2000E57F7 /* Main_iPhone.storyboard in Resources */,
				BAC84C2119F02DB2000E57F7 /* InfoPlist.strings in Resources */,
			);
			runOnlyForDeploymentPostprocessing = 0;
		};
		BAC84C3519F02DB2000E57F7 /* Resources */ = {
			isa = PBXResourcesBuildPhase;
			buildActionMask = 2147483647;
			files = (
				BAC84C4319F02DB2000E57F7 /* InfoPlist.strings in Resources */,
			);
			runOnlyForDeploymentPostprocessing = 0;
		};
/* End PBXResourcesBuildPhase section */

/* Begin PBXSourcesBuildPhase section */
		BAC84C0F19F02DB1000E57F7 /* Sources */ = {
			isa = PBXSourcesBuildPhase;
			buildActionMask = 2147483647;
			files = (
				BAC84C3019F02DB2000E57F7 /* ViewController.m in Sources */,
				BAC84C6119F047BB000E57F7 /* ContactDetailViewController.m in Sources */,
				BAC84C5419F030EA000E57F7 /* SendHubAPIService.m in Sources */,
				BAC84C6419F04D62000E57F7 /* ComposeMessageViewController.m in Sources */,
				BAC84C5719F03340000E57F7 /* Contacts.m in Sources */,
				BAC84C5019F03006000E57F7 /* ContactsViewController.m in Sources */,
				BAC84C2719F02DB2000E57F7 /* AppDelegate.m in Sources */,
				BAC84C2319F02DB2000E57F7 /* main.m in Sources */,
			);
			runOnlyForDeploymentPostprocessing = 0;
		};
		BAC84C3319F02DB2000E57F7 /* Sources */ = {
			isa = PBXSourcesBuildPhase;
			buildActionMask = 2147483647;
			files = (
				BAC84C4519F02DB2000E57F7 /* SendHubAPISampleTests.m in Sources */,
			);
			runOnlyForDeploymentPostprocessing = 0;
		};
/* End PBXSourcesBuildPhase section */

/* Begin PBXTargetDependency section */
		BAC84C3D19F02DB2000E57F7 /* PBXTargetDependency */ = {
			isa = PBXTargetDependency;
			target = BAC84C1219F02DB1000E57F7 /* SendHubAPISample */;
			targetProxy = BAC84C3C19F02DB2000E57F7 /* PBXContainerItemProxy */;
		};
/* End PBXTargetDependency section */

/* Begin PBXVariantGroup section */
		BAC84C1F19F02DB2000E57F7 /* InfoPlist.strings */ = {
			isa = PBXVariantGroup;
			children = (
				BAC84C2019F02DB2000E57F7 /* en */,
			);
			name = InfoPlist.strings;
			sourceTree = "<group>";
		};
		BAC84C2819F02DB2000E57F7 /* Main_iPhone.storyboard */ = {
			isa = PBXVariantGroup;
			children = (
				BAC84C2919F02DB2000E57F7 /* Base */,
			);
			name = Main_iPhone.storyboard;
			sourceTree = "<group>";
		};
		BAC84C2B19F02DB2000E57F7 /* Main_iPad.storyboard */ = {
			isa = PBXVariantGroup;
			children = (
				BAC84C2C19F02DB2000E57F7 /* Base */,
			);
			name = Main_iPad.storyboard;
			sourceTree = "<group>";
		};
		BAC84C4119F02DB2000E57F7 /* InfoPlist.strings */ = {
			isa = PBXVariantGroup;
			children = (
				BAC84C4219F02DB2000E57F7 /* en */,
			);
			name = InfoPlist.strings;
			sourceTree = "<group>";
		};
/* End PBXVariantGroup section */

/* Begin XCBuildConfiguration section */
		BAC84C4619F02DB2000E57F7 /* Debug */ = {
			isa = XCBuildConfiguration;
			buildSettings = {
				ALWAYS_SEARCH_USER_PATHS = NO;
				CLANG_CXX_LANGUAGE_STANDARD = "gnu++0x";
				CLANG_CXX_LIBRARY = "libc++";
				CLANG_ENABLE_MODULES = YES;
				CLANG_ENABLE_OBJC_ARC = YES;
				CLANG_WARN_BOOL_CONVERSION = YES;
				CLANG_WARN_CONSTANT_CONVERSION = YES;
				CLANG_WARN_DIRECT_OBJC_ISA_USAGE = YES_ERROR;
				CLANG_WARN_EMPTY_BODY = YES;
				CLANG_WARN_ENUM_CONVERSION = YES;
				CLANG_WARN_INT_CONVERSION = YES;
				CLANG_WARN_OBJC_ROOT_CLASS = YES_ERROR;
				CLANG_WARN__DUPLICATE_METHOD_MATCH = YES;
				"CODE_SIGN_IDENTITY[sdk=iphoneos*]" = "iPhone Developer";
				COPY_PHASE_STRIP = NO;
				GCC_C_LANGUAGE_STANDARD = gnu99;
				GCC_DYNAMIC_NO_PIC = NO;
				GCC_OPTIMIZATION_LEVEL = 0;
				GCC_PREPROCESSOR_DEFINITIONS = (
					"DEBUG=1",
					"$(inherited)",
				);
				GCC_SYMBOLS_PRIVATE_EXTERN = NO;
				GCC_WARN_64_TO_32_BIT_CONVERSION = YES;
				GCC_WARN_ABOUT_RETURN_TYPE = YES_ERROR;
				GCC_WARN_UNDECLARED_SELECTOR = YES;
				GCC_WARN_UNINITIALIZED_AUTOS = YES_AGGRESSIVE;
				GCC_WARN_UNUSED_FUNCTION = YES;
				GCC_WARN_UNUSED_VARIABLE = YES;
				IPHONEOS_DEPLOYMENT_TARGET = 7.1;
				ONLY_ACTIVE_ARCH = YES;
				SDKROOT = iphoneos;
				TARGETED_DEVICE_FAMILY = "1,2";
			};
			name = Debug;
		};
		BAC84C4719F02DB2000E57F7 /* Release */ = {
			isa = XCBuildConfiguration;
			buildSettings = {
				ALWAYS_SEARCH_USER_PATHS = NO;
				CLANG_CXX_LANGUAGE_STANDARD = "gnu++0x";
				CLANG_CXX_LIBRARY = "libc++";
				CLANG_ENABLE_MODULES = YES;
				CLANG_ENABLE_OBJC_ARC = YES;
				CLANG_WARN_BOOL_CONVERSION = YES;
				CLANG_WARN_CONSTANT_CONVERSION = YES;
				CLANG_WARN_DIRECT_OBJC_ISA_USAGE = YES_ERROR;
				CLANG_WARN_EMPTY_BODY = YES;
				CLANG_WARN_ENUM_CONVERSION = YES;
				CLANG_WARN_INT_CONVERSION = YES;
				CLANG_WARN_OBJC_ROOT_CLASS = YES_ERROR;
				CLANG_WARN__DUPLICATE_METHOD_MATCH = YES;
				"CODE_SIGN_IDENTITY[sdk=iphoneos*]" = "iPhone Developer";
				COPY_PHASE_STRIP = YES;
				ENABLE_NS_ASSERTIONS = NO;
				GCC_C_LANGUAGE_STANDARD = gnu99;
				GCC_WARN_64_TO_32_BIT_CONVERSION = YES;
				GCC_WARN_ABOUT_RETURN_TYPE = YES_ERROR;
				GCC_WARN_UNDECLARED_SELECTOR = YES;
				GCC_WARN_UNINITIALIZED_AUTOS = YES_AGGRESSIVE;
				GCC_WARN_UNUSED_FUNCTION = YES;
				GCC_WARN_UNUSED_VARIABLE = YES;
				IPHONEOS_DEPLOYMENT_TARGET = 7.1;
				SDKROOT = iphoneos;
				TARGETED_DEVICE_FAMILY = "1,2";
				VALIDATE_PRODUCT = YES;
			};
			name = Release;
		};
		BAC84C4919F02DB2000E57F7 /* Debug */ = {
			isa = XCBuildConfiguration;
			buildSettings = {
				ASSETCATALOG_COMPILER_APPICON_NAME = AppIcon;
				ASSETCATALOG_COMPILER_LAUNCHIMAGE_NAME = LaunchImage;
				GCC_PRECOMPILE_PREFIX_HEADER = YES;
				GCC_PREFIX_HEADER = "SendHubAPISample/SendHubAPISample-Prefix.pch";
				INFOPLIST_FILE = "SendHubAPISample/SendHubAPISample-Info.plist";
				PRODUCT_NAME = "$(TARGET_NAME)";
				WRAPPER_EXTENSION = app;
			};
			name = Debug;
		};
		BAC84C4A19F02DB2000E57F7 /* Release */ = {
			isa = XCBuildConfiguration;
			buildSettings = {
				ASSETCATALOG_COMPILER_APPICON_NAME = AppIcon;
				ASSETCATALOG_COMPILER_LAUNCHIMAGE_NAME = LaunchImage;
				GCC_PRECOMPILE_PREFIX_HEADER = YES;
				GCC_PREFIX_HEADER = "SendHubAPISample/SendHubAPISample-Prefix.pch";
				INFOPLIST_FILE = "SendHubAPISample/SendHubAPISample-Info.plist";
				PRODUCT_NAME = "$(TARGET_NAME)";
				WRAPPER_EXTENSION = app;
			};
			name = Release;
		};
		BAC84C4C19F02DB2000E57F7 /* Debug */ = {
			isa = XCBuildConfiguration;
			buildSettings = {
				BUNDLE_LOADER = "$(BUILT_PRODUCTS_DIR)/SendHubAPISample.app/SendHubAPISample";
				FRAMEWORK_SEARCH_PATHS = (
					"$(SDKROOT)/Developer/Library/Frameworks",
					"$(inherited)",
					"$(DEVELOPER_FRAMEWORKS_DIR)",
				);
				GCC_PRECOMPILE_PREFIX_HEADER = YES;
				GCC_PREFIX_HEADER = "SendHubAPISample/SendHubAPISample-Prefix.pch";
				GCC_PREPROCESSOR_DEFINITIONS = (
					"DEBUG=1",
					"$(inherited)",
				);
				INFOPLIST_FILE = "SendHubAPISampleTests/SendHubAPISampleTests-Info.plist";
				PRODUCT_NAME = "$(TARGET_NAME)";
				TEST_HOST = "$(BUNDLE_LOADER)";
				WRAPPER_EXTENSION = xctest;
			};
			name = Debug;
		};
		BAC84C4D19F02DB2000E57F7 /* Release */ = {
			isa = XCBuildConfiguration;
			buildSettings = {
				BUNDLE_LOADER = "$(BUILT_PRODUCTS_DIR)/SendHubAPISample.app/SendHubAPISample";
				FRAMEWORK_SEARCH_PATHS = (
					"$(SDKROOT)/Developer/Library/Frameworks",
					"$(inherited)",
					"$(DEVELOPER_FRAMEWORKS_DIR)",
				);
				GCC_PRECOMPILE_PREFIX_HEADER = YES;
				GCC_PREFIX_HEADER = "SendHubAPISample/SendHubAPISample-Prefix.pch";
				INFOPLIST_FILE = "SendHubAPISampleTests/SendHubAPISampleTests-Info.plist";
				PRODUCT_NAME = "$(TARGET_NAME)";
				TEST_HOST = "$(BUNDLE_LOADER)";
				WRAPPER_EXTENSION = xctest;
			};
			name = Release;
		};
/* End XCBuildConfiguration section */

/* Begin XCConfigurationList section */
		BAC84C0E19F02DB1000E57F7 /* Build configuration list for PBXProject "SendHubAPISample" */ = {
			isa = XCConfigurationList;
			buildConfigurations = (
				BAC84C4619F02DB2000E57F7 /* Debug */,
				BAC84C4719F02DB2000E57F7 /* Release */,
			);
			defaultConfigurationIsVisible = 0;
			defaultConfigurationName = Release;
		};
		BAC84C4819F02DB2000E57F7 /* Build configuration list for PBXNativeTarget "SendHubAPISample" */ = {
			isa = XCConfigurationList;
			buildConfigurations = (
				BAC84C4919F02DB2000E57F7 /* Debug */,
				BAC84C4A19F02DB2000E57F7 /* Release */,
			);
			defaultConfigurationIsVisible = 0;
		};
		BAC84C4B19F02DB2000E57F7 /* Build configuration list for PBXNativeTarget "SendHubAPISampleTests" */ = {
			isa = XCConfigurationList;
			buildConfigurations = (
				BAC84C4C19F02DB2000E57F7 /* Debug */,
				BAC84C4D19F02DB2000E57F7 /* Release */,
			);
			defaultConfigurationIsVisible = 0;
		};
/* End XCConfigurationList section */
	};
	rootObject = BAC84C0B19F02DB1000E57F7 /* Project object */;
}
